
Microsoft Visual Studio Solution File, Format Version 12.00
# Visual Studio 15
VisualStudioVersion = 15.0.28010.2026
MinimumVisualStudioVersion = 10.0.40219.1
Project("{00D1A9C2-B5F0-4AF3-8072-F6C62B433612}") = "TWDP.PlayList.DB", "TWDP.PlayList.DB\TWDP.PlayList.DB.sqlproj", "{F60B5739-D512-45DD-BBDB-0B7CB245A4F9}"
EndProject
Project("{FAE04EC0-301F-11D3-BF4B-00C04F79EFBC}") = "TWDP.PlayList.PL", "TWDP.PlayList.PL\TWDP.PlayList.PL.csproj", "{C12C15CE-74A7-4F41-856A-E2AF188FC220}"
EndProject
Project("{FAE04EC0-301F-11D3-BF4B-00C04F79EFBC}") = "TWDP.PlayList.PL.Test", "TWDP.PlayList.PL.Test\TWDP.PlayList.PL.Test.csproj", "{11700484-FAEE-4BC2-83C7-C8318923E616}"
EndProject
Project("{FAE04EC0-301F-11D3-BF4B-00C04F79EFBC}") = "TWDP.Playlist.BL", "TWDP.Playlist.BL\TWDP.Playlist.BL.csproj", "{6FF96A65-F716-4D07-BE8E-BA1A265D5CFB}"
EndProject
Project("{FAE04EC0-301F-11D3-BF4B-00C04F79EFBC}") = "TWDP.PlayList.BL.Test", "TWDP.PlayList.BL.Test\TWDP.PlayList.BL.Test.csproj", "{AD641809-6BA8-462C-AD81-7B1F1F8847A9}"
EndProject
Global
	GlobalSection(SolutionConfigurationPlatforms) = preSolution
		Debug|Any CPU = Debug|Any CPU
		Release|Any CPU = Release|Any CPU
	EndGlobalSection
	GlobalSection(ProjectConfigurationPlatforms) = postSolution
		{F60B5739-D512-45DD-BBDB-0B7CB245A4F9}.Debug|Any CPU.ActiveCfg = Debug|Any CPU
		{F60B5739-D512-45DD-BBDB-0B7CB245A4F9}.Debug|Any CPU.Build.0 = Debug|Any CPU
		{F60B5739-D512-45DD-BBDB-0B7CB245A4F9}.Debug|Any CPU.Deploy.0 = Debug|Any CPU
		{F60B5739-D512-45DD-BBDB-0B7CB245A4F9}.Release|Any CPU.ActiveCfg = Release|Any CPU
		{F60B5739-D512-45DD-BBDB-0B7CB245A4F9}.Release|Any CPU.Build.0 = Release|Any CPU
		{F60B5739-D512-45DD-BBDB-0B7CB245A4F9}.Release|Any CPU.Deploy.0 = Release|Any CPU
		{C12C15CE-74A7-4F41-856A-E2AF188FC220}.Debug|Any CPU.ActiveCfg = Debug|Any CPU
		{C12C15CE-74A7-4F41-856A-E2AF188FC220}.Debug|Any CPU.Build.0 = Debug|Any CPU
		{C12C15CE-74A7-4F41-856A-E2AF188FC220}.Release|Any CPU.ActiveCfg = Release|Any CPU
		{C12C15CE-74A7-4F41-856A-E2AF188FC220}.Release|Any CPU.Build.0 = Release|Any CPU
		{11700484-FAEE-4BC2-83C7-C8318923E616}.Debug|Any CPU.ActiveCfg = Debug|Any CPU
		{11700484-FAEE-4BC2-83C7-C8318923E616}.Debug|Any CPU.Build.0 = Debug|Any CPU
		{11700484-FAEE-4BC2-83C7-C8318923E616}.Release|Any CPU.ActiveCfg = Release|Any CPU
		{11700484-FAEE-4BC2-83C7-C8318923E616}.Release|Any CPU.Build.0 = Release|Any CPU
		{6FF96A65-F716-4D07-BE8E-BA1A265D5CFB}.Debug|Any CPU.ActiveCfg = Debug|Any CPU
		{6FF96A65-F716-4D07-BE8E-BA1A265D5CFB}.Debug|Any CPU.Build.0 = Debug|Any CPU
		{6FF96A65-F716-4D07-BE8E-BA1A265D5CFB}.Release|Any CPU.ActiveCfg = Release|Any CPU
		{6FF96A65-F716-4D07-BE8E-BA1A265D5CFB}.Release|Any CPU.Build.0 = Release|Any CPU
		{AD641809-6BA8-462C-AD81-7B1F1F8847A9}.Debug|Any CPU.ActiveCfg = Debug|Any CPU
		{AD641809-6BA8-462C-AD81-7B1F1F8847A9}.Debug|Any CPU.Build.0 = Debug|Any CPU
		{AD641809-6BA8-462C-AD81-7B1F1F8847A9}.Release|Any CPU.ActiveCfg = Release|Any CPU
		{AD641809-6BA8-462C-AD81-7B1F1F8847A9}.Release|Any CPU.Build.0 = Release|Any CPU
	EndGlobalSection
	GlobalSection(SolutionProperties) = preSolution
		HideSolutionNode = FALSE
	EndGlobalSection
	GlobalSection(ExtensibilityGlobals) = postSolution
		SolutionGuid = {7BB6A948-069D-4BEC-A16F-ED5A2FDEB00B}
	EndGlobalSection
EndGlobal
